
Microsoft Visual Studio Solution File, Format Version 12.00
# Visual Studio 2012
Project("{FAE04EC0-301F-11D3-BF4B-00C04F79EFBC}") = "WhatsAppBetaUpdater.Android", "WhatsAppBetaUpdater\WhatsAppBetaUpdater.Android.csproj", "{670FFF5E-6D21-4FD4-A9F6-E9D1734F4B78}"
EndProject
Global
	GlobalSection(SolutionConfigurationPlatforms) = preSolution
		Debug|Any CPU = Debug|Any CPU
		Release|Any CPU = Release|Any CPU
	EndGlobalSection
	GlobalSection(ProjectConfigurationPlatforms) = postSolution
		{670FFF5E-6D21-4FD4-A9F6-E9D1734F4B78}.Debug|Any CPU.ActiveCfg = Debug|Any CPU
		{670FFF5E-6D21-4FD4-A9F6-E9D1734F4B78}.Debug|Any CPU.Build.0 = Debug|Any CPU
		{670FFF5E-6D21-4FD4-A9F6-E9D1734F4B78}.Release|Any CPU.ActiveCfg = Release|Any CPU
		{670FFF5E-6D21-4FD4-A9F6-E9D1734F4B78}.Release|Any CPU.Build.0 = Release|Any CPU
	EndGlobalSection
EndGlobal
